// !$*UTF8*$!
{
	archiveVersion = 1;
	classes = {
	};
	objectVersion = 55;
	objects = {

/* Begin PBXBuildFile section */
		EE099F252815B1ED00739CBE /* OpenSans-Bold.ttf in Resources */ = {isa = PBXBuildFile; fileRef = EE099F212815B1EC00739CBE /* OpenSans-Bold.ttf */; };
		EE099F262815B1ED00739CBE /* OpenSans-SemiBold.ttf in Resources */ = {isa = PBXBuildFile; fileRef = EE099F222815B1EC00739CBE /* OpenSans-SemiBold.ttf */; };
		EE099F272815B1ED00739CBE /* OpenSans-ExtraBold.ttf in Resources */ = {isa = PBXBuildFile; fileRef = EE099F232815B1EC00739CBE /* OpenSans-ExtraBold.ttf */; };
		EE099F282815B1ED00739CBE /* OpenSans-Medium.ttf in Resources */ = {isa = PBXBuildFile; fileRef = EE099F242815B1EC00739CBE /* OpenSans-Medium.ttf */; };
		EE20CA402815AD0D00194797 /* FirebaseAuth in Frameworks */ = {isa = PBXBuildFile; productRef = EE20CA3F2815AD0D00194797 /* FirebaseAuth */; };
		EE20CA422815AD0D00194797 /* FirebaseFirestore in Frameworks */ = {isa = PBXBuildFile; productRef = EE20CA412815AD0D00194797 /* FirebaseFirestore */; };
		EE20CA442815AD0D00194797 /* FirebaseFunctions in Frameworks */ = {isa = PBXBuildFile; productRef = EE20CA432815AD0D00194797 /* FirebaseFunctions */; };
		EE20CA462815AD0D00194797 /* FirebaseStorage in Frameworks */ = {isa = PBXBuildFile; productRef = EE20CA452815AD0D00194797 /* FirebaseStorage */; };
		EE2B9443280EEB900015B62E /* DashboardView.swift in Sources */ = {isa = PBXBuildFile; fileRef = EE2B9442280EEB900015B62E /* DashboardView.swift */; };
		EE2B9445280EEF160015B62E /* UserViewModel.swift in Sources */ = {isa = PBXBuildFile; fileRef = EE2B9444280EEF160015B62E /* UserViewModel.swift */; };
		EE5519222814F2DB009F8224 /* SDWebImageSwiftUI in Frameworks */ = {isa = PBXBuildFile; productRef = EE5519212814F2DB009F8224 /* SDWebImageSwiftUI */; };
		EE5519242814F6EE009F8224 /* AllSentLogic.swift in Sources */ = {isa = PBXBuildFile; fileRef = EE5519232814F6EE009F8224 /* AllSentLogic.swift */; };
		EE5519262814FBB4009F8224 /* AllRecievedLogic.swift in Sources */ = {isa = PBXBuildFile; fileRef = EE5519252814FBB4009F8224 /* AllRecievedLogic.swift */; };
		EEB2902627FF5E020022E210 /* LogInViewModel.swift in Sources */ = {isa = PBXBuildFile; fileRef = EEB2902527FF5E020022E210 /* LogInViewModel.swift */; };
		EEBB460328170C71006EE020 /* AdminView.swift in Sources */ = {isa = PBXBuildFile; fileRef = EEBB460228170C71006EE020 /* AdminView.swift */; };
		EEBB460528170C88006EE020 /* CustomerView.swift in Sources */ = {isa = PBXBuildFile; fileRef = EEBB460428170C88006EE020 /* CustomerView.swift */; };
		EEBB460728170CBD006EE020 /* DriverView.swift in Sources */ = {isa = PBXBuildFile; fileRef = EEBB460628170CBD006EE020 /* DriverView.swift */; };
		EEC8B42127EA3D8A00049820 /* JunkerApp.swift in Sources */ = {isa = PBXBuildFile; fileRef = EEC8B42027EA3D8A00049820 /* JunkerApp.swift */; };
		EEC8B42327EA3D8A00049820 /* LogInView.swift in Sources */ = {isa = PBXBuildFile; fileRef = EEC8B42227EA3D8A00049820 /* LogInView.swift */; };
		EEC8B42527EA3D8F00049820 /* Assets.xcassets in Resources */ = {isa = PBXBuildFile; fileRef = EEC8B42427EA3D8F00049820 /* Assets.xcassets */; };
		EEC8B42827EA3D8F00049820 /* Preview Assets.xcassets in Resources */ = {isa = PBXBuildFile; fileRef = EEC8B42727EA3D8F00049820 /* Preview Assets.xcassets */; };
		EEC8B42F27EA3EDA00049820 /* GoogleService-Info.plist in Resources */ = {isa = PBXBuildFile; fileRef = EEC8B42E27EA3EDA00049820 /* GoogleService-Info.plist */; };
/* End PBXBuildFile section */

/* Begin PBXFileReference section */
		EE099F212815B1EC00739CBE /* OpenSans-Bold.ttf */ = {isa = PBXFileReference; lastKnownFileType = file; path = "OpenSans-Bold.ttf"; sourceTree = "<group>"; };
		EE099F222815B1EC00739CBE /* OpenSans-SemiBold.ttf */ = {isa = PBXFileReference; lastKnownFileType = file; path = "OpenSans-SemiBold.ttf"; sourceTree = "<group>"; };
		EE099F232815B1EC00739CBE /* OpenSans-ExtraBold.ttf */ = {isa = PBXFileReference; lastKnownFileType = file; path = "OpenSans-ExtraBold.ttf"; sourceTree = "<group>"; };
		EE099F242815B1EC00739CBE /* OpenSans-Medium.ttf */ = {isa = PBXFileReference; lastKnownFileType = file; path = "OpenSans-Medium.ttf"; sourceTree = "<group>"; };
		EE099F292815B44100739CBE /* Info.plist */ = {isa = PBXFileReference; lastKnownFileType = text.plist; path = Info.plist; sourceTree = "<group>"; };
		EE2B9442280EEB900015B62E /* DashboardView.swift */ = {isa = PBXFileReference; lastKnownFileType = sourcecode.swift; path = DashboardView.swift; sourceTree = "<group>"; };
		EE2B9444280EEF160015B62E /* UserViewModel.swift */ = {isa = PBXFileReference; lastKnownFileType = sourcecode.swift; path = UserViewModel.swift; sourceTree = "<group>"; };
		EE5519232814F6EE009F8224 /* AllSentLogic.swift */ = {isa = PBXFileReference; lastKnownFileType = sourcecode.swift; path = AllSentLogic.swift; sourceTree = "<group>"; };
		EE5519252814FBB4009F8224 /* AllRecievedLogic.swift */ = {isa = PBXFileReference; lastKnownFileType = sourcecode.swift; path = AllRecievedLogic.swift; sourceTree = "<group>"; };
		EEB2902527FF5E020022E210 /* LogInViewModel.swift */ = {isa = PBXFileReference; lastKnownFileType = sourcecode.swift; path = LogInViewModel.swift; sourceTree = "<group>"; };
		EEBB460228170C71006EE020 /* AdminView.swift */ = {isa = PBXFileReference; lastKnownFileType = sourcecode.swift; path = AdminView.swift; sourceTree = "<group>"; };
		EEBB460428170C88006EE020 /* CustomerView.swift */ = {isa = PBXFileReference; lastKnownFileType = sourcecode.swift; path = CustomerView.swift; sourceTree = "<group>"; };
		EEBB460628170CBD006EE020 /* DriverView.swift */ = {isa = PBXFileReference; lastKnownFileType = sourcecode.swift; path = DriverView.swift; sourceTree = "<group>"; };
		EEC8B41D27EA3D8A00049820 /* Junker.app */ = {isa = PBXFileReference; explicitFileType = wrapper.application; includeInIndex = 0; path = Junker.app; sourceTree = BUILT_PRODUCTS_DIR; };
		EEC8B42027EA3D8A00049820 /* JunkerApp.swift */ = {isa = PBXFileReference; lastKnownFileType = sourcecode.swift; path = JunkerApp.swift; sourceTree = "<group>"; };
		EEC8B42227EA3D8A00049820 /* LogInView.swift */ = {isa = PBXFileReference; lastKnownFileType = sourcecode.swift; path = LogInView.swift; sourceTree = "<group>"; };
		EEC8B42427EA3D8F00049820 /* Assets.xcassets */ = {isa = PBXFileReference; lastKnownFileType = folder.assetcatalog; path = Assets.xcassets; sourceTree = "<group>"; };
		EEC8B42727EA3D8F00049820 /* Preview Assets.xcassets */ = {isa = PBXFileReference; lastKnownFileType = folder.assetcatalog; path = "Preview Assets.xcassets"; sourceTree = "<group>"; };
		EEC8B42E27EA3EDA00049820 /* GoogleService-Info.plist */ = {isa = PBXFileReference; fileEncoding = 4; lastKnownFileType = text.plist.xml; path = "GoogleService-Info.plist"; sourceTree = "<group>"; };
/* End PBXFileReference section */

/* Begin PBXFrameworksBuildPhase section */
		EEC8B41A27EA3D8A00049820 /* Frameworks */ = {
			isa = PBXFrameworksBuildPhase;
			buildActionMask = 2147483647;
			files = (
				EE5519222814F2DB009F8224 /* SDWebImageSwiftUI in Frameworks */,
				EE20CA402815AD0D00194797 /* FirebaseAuth in Frameworks */,
				EE20CA422815AD0D00194797 /* FirebaseFirestore in Frameworks */,
				EE20CA462815AD0D00194797 /* FirebaseStorage in Frameworks */,
				EE20CA442815AD0D00194797 /* FirebaseFunctions in Frameworks */,
			);
			runOnlyForDeploymentPostprocessing = 0;
		};
/* End PBXFrameworksBuildPhase section */

/* Begin PBXGroup section */
		EEC8B41427EA3D8A00049820 = {
			isa = PBXGroup;
			children = (
				EEC8B41F27EA3D8A00049820 /* Junker */,
				EEC8B41E27EA3D8A00049820 /* Products */,
			);
			sourceTree = "<group>";
		};
		EEC8B41E27EA3D8A00049820 /* Products */ = {
			isa = PBXGroup;
			children = (
				EEC8B41D27EA3D8A00049820 /* Junker.app */,
			);
			name = Products;
			sourceTree = "<group>";
		};
		EEC8B41F27EA3D8A00049820 /* Junker */ = {
			isa = PBXGroup;
			children = (
				EE099F292815B44100739CBE /* Info.plist */,
				EEC8B42027EA3D8A00049820 /* JunkerApp.swift */,
				EEC8B42227EA3D8A00049820 /* LogInView.swift */,
				EEB2902527FF5E020022E210 /* LogInViewModel.swift */,
				EE2B9444280EEF160015B62E /* UserViewModel.swift */,
				EEBB460628170CBD006EE020 /* DriverView.swift */,
				EE2B9442280EEB900015B62E /* DashboardView.swift */,
				EEBB460428170C88006EE020 /* CustomerView.swift */,
				EEBB460228170C71006EE020 /* AdminView.swift */,
				EE5519232814F6EE009F8224 /* AllSentLogic.swift */,
				EE099F212815B1EC00739CBE /* OpenSans-Bold.ttf */,
				EE099F232815B1EC00739CBE /* OpenSans-ExtraBold.ttf */,
				EE099F242815B1EC00739CBE /* OpenSans-Medium.ttf */,
				EE099F222815B1EC00739CBE /* OpenSans-SemiBold.ttf */,
				EE5519252814FBB4009F8224 /* AllRecievedLogic.swift */,
				EEC8B42427EA3D8F00049820 /* Assets.xcassets */,
				EEC8B42627EA3D8F00049820 /* Preview Content */,
				EEC8B42E27EA3EDA00049820 /* GoogleService-Info.plist */,
			);
			path = Junker;
			sourceTree = "<group>";
		};
		EEC8B42627EA3D8F00049820 /* Preview Content */ = {
			isa = PBXGroup;
			children = (
				EEC8B42727EA3D8F00049820 /* Preview Assets.xcassets */,
			);
			path = "Preview Content";
			sourceTree = "<group>";
		};
/* End PBXGroup section */

/* Begin PBXNativeTarget section */
		EEC8B41C27EA3D8A00049820 /* Junker */ = {
			isa = PBXNativeTarget;
			buildConfigurationList = EEC8B42B27EA3D8F00049820 /* Build configuration list for PBXNativeTarget "Junker" */;
			buildPhases = (
				EEC8B41927EA3D8A00049820 /* Sources */,
				EEC8B41A27EA3D8A00049820 /* Frameworks */,
				EEC8B41B27EA3D8A00049820 /* Resources */,
			);
			buildRules = (
			);
			dependencies = (
			);
			name = Junker;
			packageProductDependencies = (
				EE5519212814F2DB009F8224 /* SDWebImageSwiftUI */,
				EE20CA3F2815AD0D00194797 /* FirebaseAuth */,
				EE20CA412815AD0D00194797 /* FirebaseFirestore */,
				EE20CA432815AD0D00194797 /* FirebaseFunctions */,
				EE20CA452815AD0D00194797 /* FirebaseStorage */,
			);
			productName = Junker;
			productReference = EEC8B41D27EA3D8A00049820 /* Junker.app */;
			productType = "com.apple.product-type.application";
		};
/* End PBXNativeTarget section */

/* Begin PBXProject section */
		EEC8B41527EA3D8A00049820 /* Project object */ = {
			isa = PBXProject;
			attributes = {
				BuildIndependentTargetsInParallel = 1;
				LastSwiftUpdateCheck = 1310;
				LastUpgradeCheck = 1310;
				TargetAttributes = {
					EEC8B41C27EA3D8A00049820 = {
						CreatedOnToolsVersion = 13.1;
					};
				};
			};
			buildConfigurationList = EEC8B41827EA3D8A00049820 /* Build configuration list for PBXProject "Junker" */;
			compatibilityVersion = "Xcode 13.0";
			developmentRegion = en;
			hasScannedForEncodings = 0;
			knownRegions = (
				en,
				Base,
			);
			mainGroup = EEC8B41427EA3D8A00049820;
			packageReferences = (
				EE5519202814F2DB009F8224 /* XCRemoteSwiftPackageReference "SDWebImageSwiftUI" */,
				EE20CA3E2815AD0D00194797 /* XCRemoteSwiftPackageReference "firebase-ios-sdk" */,
			);
			productRefGroup = EEC8B41E27EA3D8A00049820 /* Products */;
			projectDirPath = "";
			projectRoot = "";
			targets = (
				EEC8B41C27EA3D8A00049820 /* Junker */,
			);
		};
/* End PBXProject section */

/* Begin PBXResourcesBuildPhase section */
		EEC8B41B27EA3D8A00049820 /* Resources */ = {
			isa = PBXResourcesBuildPhase;
			buildActionMask = 2147483647;
			files = (
				EE099F282815B1ED00739CBE /* OpenSans-Medium.ttf in Resources */,
				EEC8B42827EA3D8F00049820 /* Preview Assets.xcassets in Resources */,
				EEC8B42F27EA3EDA00049820 /* GoogleService-Info.plist in Resources */,
				EE099F262815B1ED00739CBE /* OpenSans-SemiBold.ttf in Resources */,
				EE099F252815B1ED00739CBE /* OpenSans-Bold.ttf in Resources */,
				EEC8B42527EA3D8F00049820 /* Assets.xcassets in Resources */,
				EE099F272815B1ED00739CBE /* OpenSans-ExtraBold.ttf in Resources */,
			);
			runOnlyForDeploymentPostprocessing = 0;
		};
/* End PBXResourcesBuildPhase section */

/* Begin PBXSourcesBuildPhase section */
		EEC8B41927EA3D8A00049820 /* Sources */ = {
			isa = PBXSourcesBuildPhase;
			buildActionMask = 2147483647;
			files = (
				EEC8B42327EA3D8A00049820 /* LogInView.swift in Sources */,
				EE2B9443280EEB900015B62E /* DashboardView.swift in Sources */,
				EEBB460728170CBD006EE020 /* DriverView.swift in Sources */,
				EE5519262814FBB4009F8224 /* AllRecievedLogic.swift in Sources */,
				EEB2902627FF5E020022E210 /* LogInViewModel.swift in Sources */,
				EE2B9445280EEF160015B62E /* UserViewModel.swift in Sources */,
				EEBB460528170C88006EE020 /* CustomerView.swift in Sources */,
				EE5519242814F6EE009F8224 /* AllSentLogic.swift in Sources */,
				EEBB460328170C71006EE020 /* AdminView.swift in Sources */,
				EEC8B42127EA3D8A00049820 /* JunkerApp.swift in Sources */,
			);
			runOnlyForDeploymentPostprocessing = 0;
		};
/* End PBXSourcesBuildPhase section */

/* Begin XCBuildConfiguration section */
		EEC8B42927EA3D8F00049820 /* Debug */ = {
			isa = XCBuildConfiguration;
			buildSettings = {
				ALWAYS_SEARCH_USER_PATHS = NO;
				CLANG_ANALYZER_NONNULL = YES;
				CLANG_ANALYZER_NUMBER_OBJECT_CONVERSION = YES_AGGRESSIVE;
				CLANG_CXX_LANGUAGE_STANDARD = "gnu++17";
				CLANG_CXX_LIBRARY = "libc++";
				CLANG_ENABLE_MODULES = YES;
				CLANG_ENABLE_OBJC_ARC = YES;
				CLANG_ENABLE_OBJC_WEAK = YES;
				CLANG_WARN_BLOCK_CAPTURE_AUTORELEASING = YES;
				CLANG_WARN_BOOL_CONVERSION = YES;
				CLANG_WARN_COMMA = YES;
				CLANG_WARN_CONSTANT_CONVERSION = YES;
				CLANG_WARN_DEPRECATED_OBJC_IMPLEMENTATIONS = YES;
				CLANG_WARN_DIRECT_OBJC_ISA_USAGE = YES_ERROR;
				CLANG_WARN_DOCUMENTATION_COMMENTS = YES;
				CLANG_WARN_EMPTY_BODY = YES;
				CLANG_WARN_ENUM_CONVERSION = YES;
				CLANG_WARN_INFINITE_RECURSION = YES;
				CLANG_WARN_INT_CONVERSION = YES;
				CLANG_WARN_NON_LITERAL_NULL_CONVERSION = YES;
				CLANG_WARN_OBJC_IMPLICIT_RETAIN_SELF = YES;
				CLANG_WARN_OBJC_LITERAL_CONVERSION = YES;
				CLANG_WARN_OBJC_ROOT_CLASS = YES_ERROR;
				CLANG_WARN_QUOTED_INCLUDE_IN_FRAMEWORK_HEADER = YES;
				CLANG_WARN_RANGE_LOOP_ANALYSIS = YES;
				CLANG_WARN_STRICT_PROTOTYPES = YES;
				CLANG_WARN_SUSPICIOUS_MOVE = YES;
				CLANG_WARN_UNGUARDED_AVAILABILITY = YES_AGGRESSIVE;
				CLANG_WARN_UNREACHABLE_CODE = YES;
				CLANG_WARN__DUPLICATE_METHOD_MATCH = YES;
				COPY_PHASE_STRIP = NO;
				DEBUG_INFORMATION_FORMAT = dwarf;
				ENABLE_STRICT_OBJC_MSGSEND = YES;
				ENABLE_TESTABILITY = YES;
				GCC_C_LANGUAGE_STANDARD = gnu11;
				GCC_DYNAMIC_NO_PIC = NO;
				GCC_NO_COMMON_BLOCKS = YES;
				GCC_OPTIMIZATION_LEVEL = 0;
				GCC_PREPROCESSOR_DEFINITIONS = (
					"DEBUG=1",
					"$(inherited)",
				);
				GCC_WARN_64_TO_32_BIT_CONVERSION = YES;
				GCC_WARN_ABOUT_RETURN_TYPE = YES_ERROR;
				GCC_WARN_UNDECLARED_SELECTOR = YES;
				GCC_WARN_UNINITIALIZED_AUTOS = YES_AGGRESSIVE;
				GCC_WARN_UNUSED_FUNCTION = YES;
				GCC_WARN_UNUSED_VARIABLE = YES;
				IPHONEOS_DEPLOYMENT_TARGET = 15.0;
				MTL_ENABLE_DEBUG_INFO = INCLUDE_SOURCE;
				MTL_FAST_MATH = YES;
				ONLY_ACTIVE_ARCH = YES;
				SDKROOT = iphoneos;
				SWIFT_ACTIVE_COMPILATION_CONDITIONS = DEBUG;
				SWIFT_OPTIMIZATION_LEVEL = "-Onone";
			};
			name = Debug;
		};
		EEC8B42A27EA3D8F00049820 /* Release */ = {
			isa = XCBuildConfiguration;
			buildSettings = {
				ALWAYS_SEARCH_USER_PATHS = NO;
				CLANG_ANALYZER_NONNULL = YES;
				CLANG_ANALYZER_NUMBER_OBJECT_CONVERSION = YES_AGGRESSIVE;
				CLANG_CXX_LANGUAGE_STANDARD = "gnu++17";
				CLANG_CXX_LIBRARY = "libc++";
				CLANG_ENABLE_MODULES = YES;
				CLANG_ENABLE_OBJC_ARC = YES;
				CLANG_ENABLE_OBJC_WEAK = YES;
				CLANG_WARN_BLOCK_CAPTURE_AUTORELEASING = YES;
				CLANG_WARN_BOOL_CONVERSION = YES;
				CLANG_WARN_COMMA = YES;
				CLANG_WARN_CONSTANT_CONVERSION = YES;
				CLANG_WARN_DEPRECATED_OBJC_IMPLEMENTATIONS = YES;
				CLANG_WARN_DIRECT_OBJC_ISA_USAGE = YES_ERROR;
				CLANG_WARN_DOCUMENTATION_COMMENTS = YES;
				CLANG_WARN_EMPTY_BODY = YES;
				CLANG_WARN_ENUM_CONVERSION = YES;
				CLANG_WARN_INFINITE_RECURSION = YES;
				CLANG_WARN_INT_CONVERSION = YES;
				CLANG_WARN_NON_LITERAL_NULL_CONVERSION = YES;
				CLANG_WARN_OBJC_IMPLICIT_RETAIN_SELF = YES;
				CLANG_WARN_OBJC_LITERAL_CONVERSION = YES;
				CLANG_WARN_OBJC_ROOT_CLASS = YES_ERROR;
				CLANG_WARN_QUOTED_INCLUDE_IN_FRAMEWORK_HEADER = YES;
				CLANG_WARN_RANGE_LOOP_ANALYSIS = YES;
				CLANG_WARN_STRICT_PROTOTYPES = YES;
				CLANG_WARN_SUSPICIOUS_MOVE = YES;
				CLANG_WARN_UNGUARDED_AVAILABILITY = YES_AGGRESSIVE;
				CLANG_WARN_UNREACHABLE_CODE = YES;
				CLANG_WARN__DUPLICATE_METHOD_MATCH = YES;
				COPY_PHASE_STRIP = NO;
				DEBUG_INFORMATION_FORMAT = "dwarf-with-dsym";
				ENABLE_NS_ASSERTIONS = NO;
				ENABLE_STRICT_OBJC_MSGSEND = YES;
				GCC_C_LANGUAGE_STANDARD = gnu11;
				GCC_NO_COMMON_BLOCKS = YES;
				GCC_WARN_64_TO_32_BIT_CONVERSION = YES;
				GCC_WARN_ABOUT_RETURN_TYPE = YES_ERROR;
				GCC_WARN_UNDECLARED_SELECTOR = YES;
				GCC_WARN_UNINITIALIZED_AUTOS = YES_AGGRESSIVE;
				GCC_WARN_UNUSED_FUNCTION = YES;
				GCC_WARN_UNUSED_VARIABLE = YES;
				IPHONEOS_DEPLOYMENT_TARGET = 15.0;
				MTL_ENABLE_DEBUG_INFO = NO;
				MTL_FAST_MATH = YES;
				SDKROOT = iphoneos;
				SWIFT_COMPILATION_MODE = wholemodule;
				SWIFT_OPTIMIZATION_LEVEL = "-O";
				VALIDATE_PRODUCT = YES;
			};
			name = Release;
		};
		EEC8B42C27EA3D8F00049820 /* Debug */ = {
			isa = XCBuildConfiguration;
			buildSettings = {
				ASSETCATALOG_COMPILER_APPICON_NAME = AppIcon;
				ASSETCATALOG_COMPILER_GLOBAL_ACCENT_COLOR_NAME = AccentColor;
				CODE_SIGN_STYLE = Automatic;
				CURRENT_PROJECT_VERSION = 1;
				DEVELOPMENT_ASSET_PATHS = "\"Junker/Preview Content\"";
				DEVELOPMENT_TEAM = FG7CG2479W;
				ENABLE_PREVIEWS = YES;
				GENERATE_INFOPLIST_FILE = YES;
				INFOPLIST_FILE = Junker/Info.plist;
				INFOPLIST_KEY_UIApplicationSceneManifest_Generation = YES;
				INFOPLIST_KEY_UIApplicationSupportsIndirectInputEvents = YES;
				INFOPLIST_KEY_UILaunchScreen_Generation = YES;
				INFOPLIST_KEY_UISupportedInterfaceOrientations = "UIInterfaceOrientationLandscapeRight UIInterfaceOrientationLandscapeLeft UIInterfaceOrientationPortraitUpsideDown";
				INFOPLIST_KEY_UISupportedInterfaceOrientations_iPad = "UIInterfaceOrientationPortrait UIInterfaceOrientationPortraitUpsideDown UIInterfaceOrientationLandscapeLeft UIInterfaceOrientationLandscapeRight";
				INFOPLIST_KEY_UISupportedInterfaceOrientations_iPhone = "UIInterfaceOrientationPortrait UIInterfaceOrientationLandscapeLeft UIInterfaceOrientationLandscapeRight";
				LD_RUNPATH_SEARCH_PATHS = (
					"$(inherited)",
					"@executable_path/Frameworks",
				);
				MARKETING_VERSION = 1.0;
				PRODUCT_BUNDLE_IDENTIFIER = com.JunkCompany.Junker;
				PRODUCT_NAME = "$(TARGET_NAME)";
				SWIFT_EMIT_LOC_STRINGS = YES;
				SWIFT_VERSION = 5.0;
				TARGETED_DEVICE_FAMILY = 1;
			};
			name = Debug;
		};
		EEC8B42D27EA3D8F00049820 /* Release */ = {
			isa = XCBuildConfiguration;
			buildSettings = {
				ASSETCATALOG_COMPILER_APPICON_NAME = AppIcon;
				ASSETCATALOG_COMPILER_GLOBAL_ACCENT_COLOR_NAME = AccentColor;
				CODE_SIGN_STYLE = Automatic;
				CURRENT_PROJECT_VERSION = 1;
				DEVELOPMENT_ASSET_PATHS = "\"Junker/Preview Content\"";
				DEVELOPMENT_TEAM = FG7CG2479W;
				ENABLE_PREVIEWS = YES;
				GENERATE_INFOPLIST_FILE = YES;
				INFOPLIST_FILE = Junker/Info.plist;
				INFOPLIST_KEY_UIApplicationSceneManifest_Generation = YES;
				INFOPLIST_KEY_UIApplicationSupportsIndirectInputEvents = YES;
				INFOPLIST_KEY_UILaunchScreen_Generation = YES;
				INFOPLIST_KEY_UISupportedInterfaceOrientations = "UIInterfaceOrientationLandscapeRight UIInterfaceOrientationLandscapeLeft UIInterfaceOrientationPortraitUpsideDown";
				INFOPLIST_KEY_UISupportedInterfaceOrientations_iPad = "UIInterfaceOrientationPortrait UIInterfaceOrientationPortraitUpsideDown UIInterfaceOrientationLandscapeLeft UIInterfaceOrientationLandscapeRight";
				INFOPLIST_KEY_UISupportedInterfaceOrientations_iPhone = "UIInterfaceOrientationPortrait UIInterfaceOrientationLandscapeLeft UIInterfaceOrientationLandscapeRight";
				LD_RUNPATH_SEARCH_PATHS = (
					"$(inherited)",
					"@executable_path/Frameworks",
				);
				MARKETING_VERSION = 1.0;
				PRODUCT_BUNDLE_IDENTIFIER = com.JunkCompany.Junker;
				PRODUCT_NAME = "$(TARGET_NAME)";
				SWIFT_EMIT_LOC_STRINGS = YES;
				SWIFT_VERSION = 5.0;
				TARGETED_DEVICE_FAMILY = 1;
			};
			name = Release;
		};
/* End XCBuildConfiguration section */

/* Begin XCConfigurationList section */
		EEC8B41827EA3D8A00049820 /* Build configuration list for PBXProject "Junker" */ = {
			isa = XCConfigurationList;
			buildConfigurations = (
				EEC8B42927EA3D8F00049820 /* Debug */,
				EEC8B42A27EA3D8F00049820 /* Release */,
			);
			defaultConfigurationIsVisible = 0;
			defaultConfigurationName = Release;
		};
		EEC8B42B27EA3D8F00049820 /* Build configuration list for PBXNativeTarget "Junker" */ = {
			isa = XCConfigurationList;
			buildConfigurations = (
				EEC8B42C27EA3D8F00049820 /* Debug */,
				EEC8B42D27EA3D8F00049820 /* Release */,
			);
			defaultConfigurationIsVisible = 0;
			defaultConfigurationName = Release;
		};
/* End XCConfigurationList section */

/* Begin XCRemoteSwiftPackageReference section */
		EE20CA3E2815AD0D00194797 /* XCRemoteSwiftPackageReference "firebase-ios-sdk" */ = {
			isa = XCRemoteSwiftPackageReference;
			repositoryURL = "https://github.com/firebase/firebase-ios-sdk.git";
			requirement = {
				kind = upToNextMajorVersion;
				minimumVersion = 8.0.0;
			};
		};
		EE5519202814F2DB009F8224 /* XCRemoteSwiftPackageReference "SDWebImageSwiftUI" */ = {
			isa = XCRemoteSwiftPackageReference;
			repositoryURL = "https://github.com/SDWebImage/SDWebImageSwiftUI.git";
			requirement = {
				branch = master;
				kind = branch;
			};
		};
/* End XCRemoteSwiftPackageReference section */

/* Begin XCSwiftPackageProductDependency section */
		EE20CA3F2815AD0D00194797 /* FirebaseAuth */ = {
			isa = XCSwiftPackageProductDependency;
			package = EE20CA3E2815AD0D00194797 /* XCRemoteSwiftPackageReference "firebase-ios-sdk" */;
			productName = FirebaseAuth;
		};
		EE20CA412815AD0D00194797 /* FirebaseFirestore */ = {
			isa = XCSwiftPackageProductDependency;
			package = EE20CA3E2815AD0D00194797 /* XCRemoteSwiftPackageReference "firebase-ios-sdk" */;
			productName = FirebaseFirestore;
		};
		EE20CA432815AD0D00194797 /* FirebaseFunctions */ = {
			isa = XCSwiftPackageProductDependency;
			package = EE20CA3E2815AD0D00194797 /* XCRemoteSwiftPackageReference "firebase-ios-sdk" */;
			productName = FirebaseFunctions;
		};
		EE20CA452815AD0D00194797 /* FirebaseStorage */ = {
			isa = XCSwiftPackageProductDependency;
			package = EE20CA3E2815AD0D00194797 /* XCRemoteSwiftPackageReference "firebase-ios-sdk" */;
			productName = FirebaseStorage;
		};
		EE5519212814F2DB009F8224 /* SDWebImageSwiftUI */ = {
			isa = XCSwiftPackageProductDependency;
			package = EE5519202814F2DB009F8224 /* XCRemoteSwiftPackageReference "SDWebImageSwiftUI" */;
			productName = SDWebImageSwiftUI;
		};
/* End XCSwiftPackageProductDependency section */
	};
	rootObject = EEC8B41527EA3D8A00049820 /* Project object */;
}
